PODS:
  - EddystoneScanner (1.1.9)
  - SwiftyJSON (4.2.0)

DEPENDENCIES:
  - EddystoneScanner (~> 1.1)
  - SwiftyJSON (~> 4.2)

SPEC REPOS:
  https://github.com/cocoapods/specs.git:
    - EddystoneScanner
    - SwiftyJSON

SPEC CHECKSUMS:
  EddystoneScanner: c66a906952645e481b624947b1b1fe390d0452db
  SwiftyJSON: c4bcba26dd9ec7a027fc8eade48e2c911f229e96

PODFILE CHECKSUM: dd76dd592e704e4b004e48473022f25dd14cf18e

COCOAPODS: 1.6.0.beta.1
