// !$*UTF8*$!
{
	archiveVersion = 1;
	classes = {
	};
	objectVersion = 50;
	objects = {

/* Begin PBXBuildFile section */
		CFB9F2169AA97EF19BB4A47A /* Pods_Shoppy.framework in Frameworks */ = {isa = PBXBuildFile; fileRef = B007628DC33E5C69710E5ADA /* Pods_Shoppy.framework */; };
		EB0CA60021A8695E004DE83C /* AppDelegate.swift in Sources */ = {isa = PBXBuildFile; fileRef = EB0CA5FF21A8695E004DE83C /* AppDelegate.swift */; };
		EB0CA60221A8695E004DE83C /* ViewController.swift in Sources */ = {isa = PBXBuildFile; fileRef = EB0CA60121A8695E004DE83C /* ViewController.swift */; };
		EB0CA60521A8695E004DE83C /* Main.storyboard in Resources */ = {isa = PBXBuildFile; fileRef = EB0CA60321A8695E004DE83C /* Main.storyboard */; };
		EB0CA60721A86960004DE83C /* Assets.xcassets in Resources */ = {isa = PBXBuildFile; fileRef = EB0CA60621A86960004DE83C /* Assets.xcassets */; };
		EB0CA60A21A86960004DE83C /* LaunchScreen.storyboard in Resources */ = {isa = PBXBuildFile; fileRef = EB0CA60821A86960004DE83C /* LaunchScreen.storyboard */; };
		EB61877521A98DE50080BE8C /* BlurredButton.swift in Sources */ = {isa = PBXBuildFile; fileRef = EB61877421A98DE50080BE8C /* BlurredButton.swift */; };
		EB61877721A98EA40080BE8C /* CartViewController.swift in Sources */ = {isa = PBXBuildFile; fileRef = EB61877621A98EA40080BE8C /* CartViewController.swift */; };
		EB61877921A9AB4E0080BE8C /* CartCell.swift in Sources */ = {isa = PBXBuildFile; fileRef = EB61877821A9AB4E0080BE8C /* CartCell.swift */; };
		EBAACCA621A9C42400E22EDC /* CloseButton.swift in Sources */ = {isa = PBXBuildFile; fileRef = EBAACCA521A9C42400E22EDC /* CloseButton.swift */; };
		EBCF0CA321A87BBB001C071D /* ARKit.framework in Frameworks */ = {isa = PBXBuildFile; fileRef = EBCF0CA221A87BBB001C071D /* ARKit.framework */; };
		EBCF0CA721A8CFD0001C071D /* ProductView.swift in Sources */ = {isa = PBXBuildFile; fileRef = EBCF0CA621A8CFD0001C071D /* ProductView.swift */; };
		EBCF0CAB21A8EB31001C071D /* Product.swift in Sources */ = {isa = PBXBuildFile; fileRef = EBCF0CAA21A8EB31001C071D /* Product.swift */; };
		EBCF0CAD21A8F3A7001C071D /* Cart.swift in Sources */ = {isa = PBXBuildFile; fileRef = EBCF0CAC21A8F3A7001C071D /* Cart.swift */; };
		EBCF0CAF21A91291001C071D /* Beacon+Shoppy.swift in Sources */ = {isa = PBXBuildFile; fileRef = EBCF0CAE21A91291001C071D /* Beacon+Shoppy.swift */; };
		EBCF0CB121A919D4001C071D /* ProximityPromotion.swift in Sources */ = {isa = PBXBuildFile; fileRef = EBCF0CB021A919D4001C071D /* ProximityPromotion.swift */; };
/* End PBXBuildFile section */

/* Begin PBXFileReference section */
		474BC678A6ED0300C995C048 /* Pods-Shoppy.debug.xcconfig */ = {isa = PBXFileReference; includeInIndex = 1; lastKnownFileType = text.xcconfig; name = "Pods-Shoppy.debug.xcconfig"; path = "Target Support Files/Pods-Shoppy/Pods-Shoppy.debug.xcconfig"; sourceTree = "<group>"; };
		A63B553DF99C0ED8CB9CAEC7 /* Pods-Shoppy.release.xcconfig */ = {isa = PBXFileReference; includeInIndex = 1; lastKnownFileType = text.xcconfig; name = "Pods-Shoppy.release.xcconfig"; path = "Target Support Files/Pods-Shoppy/Pods-Shoppy.release.xcconfig"; sourceTree = "<group>"; };
		B007628DC33E5C69710E5ADA /* Pods_Shoppy.framework */ = {isa = PBXFileReference; explicitFileType = wrapper.framework; includeInIndex = 0; path = Pods_Shoppy.framework; sourceTree = BUILT_PRODUCTS_DIR; };
		EB0CA5FC21A8695E004DE83C /* Shoppy.app */ = {isa = PBXFileReference; explicitFileType = wrapper.application; includeInIndex = 0; path = Shoppy.app; sourceTree = BUILT_PRODUCTS_DIR; };
		EB0CA5FF21A8695E004DE83C /* AppDelegate.swift */ = {isa = PBXFileReference; lastKnownFileType = sourcecode.swift; path = AppDelegate.swift; sourceTree = "<group>"; };
		EB0CA60121A8695E004DE83C /* ViewController.swift */ = {isa = PBXFileReference; lastKnownFileType = sourcecode.swift; path = ViewController.swift; sourceTree = "<group>"; };
		EB0CA60421A8695E004DE83C /* Base */ = {isa = PBXFileReference; lastKnownFileType = file.storyboard; name = Base; path = Base.lproj/Main.storyboard; sourceTree = "<group>"; };
		EB0CA60621A86960004DE83C /* Assets.xcassets */ = {isa = PBXFileReference; lastKnownFileType = folder.assetcatalog; path = Assets.xcassets; sourceTree = "<group>"; };
		EB0CA60921A86960004DE83C /* Base */ = {isa = PBXFileReference; lastKnownFileType = file.storyboard; name = Base; path = Base.lproj/LaunchScreen.storyboard; sourceTree = "<group>"; };
		EB0CA60B21A86960004DE83C /* Info.plist */ = {isa = PBXFileReference; lastKnownFileType = text.plist.xml; path = Info.plist; sourceTree = "<group>"; };
		EB61877421A98DE50080BE8C /* BlurredButton.swift */ = {isa = PBXFileReference; lastKnownFileType = sourcecode.swift; path = BlurredButton.swift; sourceTree = "<group>"; };
		EB61877621A98EA40080BE8C /* CartViewController.swift */ = {isa = PBXFileReference; lastKnownFileType = sourcecode.swift; path = CartViewController.swift; sourceTree = "<group>"; };
		EB61877821A9AB4E0080BE8C /* CartCell.swift */ = {isa = PBXFileReference; lastKnownFileType = sourcecode.swift; path = CartCell.swift; sourceTree = "<group>"; };
		EBAACCA521A9C42400E22EDC /* CloseButton.swift */ = {isa = PBXFileReference; lastKnownFileType = sourcecode.swift; path = CloseButton.swift; sourceTree = "<group>"; };
		EBCF0CA221A87BBB001C071D /* ARKit.framework */ = {isa = PBXFileReference; lastKnownFileType = wrapper.framework; name = ARKit.framework; path = System/Library/Frameworks/ARKit.framework; sourceTree = SDKROOT; };
		EBCF0CA621A8CFD0001C071D /* ProductView.swift */ = {isa = PBXFileReference; lastKnownFileType = sourcecode.swift; path = ProductView.swift; sourceTree = "<group>"; };
		EBCF0CAA21A8EB31001C071D /* Product.swift */ = {isa = PBXFileReference; lastKnownFileType = sourcecode.swift; path = Product.swift; sourceTree = "<group>"; };
		EBCF0CAC21A8F3A7001C071D /* Cart.swift */ = {isa = PBXFileReference; lastKnownFileType = sourcecode.swift; path = Cart.swift; sourceTree = "<group>"; };
		EBCF0CAE21A91291001C071D /* Beacon+Shoppy.swift */ = {isa = PBXFileReference; lastKnownFileType = sourcecode.swift; path = "Beacon+Shoppy.swift"; sourceTree = "<group>"; };
		EBCF0CB021A919D4001C071D /* ProximityPromotion.swift */ = {isa = PBXFileReference; lastKnownFileType = sourcecode.swift; path = ProximityPromotion.swift; sourceTree = "<group>"; };
/* End PBXFileReference section */

/* Begin PBXFrameworksBuildPhase section */
		EB0CA5F921A8695E004DE83C /* Frameworks */ = {
			isa = PBXFrameworksBuildPhase;
			buildActionMask = 2147483647;
			files = (
				EBCF0CA321A87BBB001C071D /* ARKit.framework in Frameworks */,
				CFB9F2169AA97EF19BB4A47A /* Pods_Shoppy.framework in Frameworks */,
			);
			runOnlyForDeploymentPostprocessing = 0;
		};
/* End PBXFrameworksBuildPhase section */

/* Begin PBXGroup section */
		89A3E6DDFAE19ECCBAE898EE /* Pods */ = {
			isa = PBXGroup;
			children = (
				474BC678A6ED0300C995C048 /* Pods-Shoppy.debug.xcconfig */,
				A63B553DF99C0ED8CB9CAEC7 /* Pods-Shoppy.release.xcconfig */,
			);
			path = Pods;
			sourceTree = "<group>";
		};
		D773A040ADB6FF13E6B5D56E /* Frameworks */ = {
			isa = PBXGroup;
			children = (
				EBCF0CA221A87BBB001C071D /* ARKit.framework */,
				B007628DC33E5C69710E5ADA /* Pods_Shoppy.framework */,
			);
			name = Frameworks;
			sourceTree = "<group>";
		};
		EB0CA5F321A8695E004DE83C = {
			isa = PBXGroup;
			children = (
				EB0CA5FE21A8695E004DE83C /* Shoppy */,
				EB0CA5FD21A8695E004DE83C /* Products */,
				89A3E6DDFAE19ECCBAE898EE /* Pods */,
				D773A040ADB6FF13E6B5D56E /* Frameworks */,
			);
			sourceTree = "<group>";
		};
		EB0CA5FD21A8695E004DE83C /* Products */ = {
			isa = PBXGroup;
			children = (
				EB0CA5FC21A8695E004DE83C /* Shoppy.app */,
			);
			name = Products;
			sourceTree = "<group>";
		};
		EB0CA5FE21A8695E004DE83C /* Shoppy */ = {
			isa = PBXGroup;
			children = (
				EB0CA5FF21A8695E004DE83C /* AppDelegate.swift */,
				EB0CA60121A8695E004DE83C /* ViewController.swift */,
				EB61877621A98EA40080BE8C /* CartViewController.swift */,
				EBCF0CA621A8CFD0001C071D /* ProductView.swift */,
				EBCF0CAA21A8EB31001C071D /* Product.swift */,
				EBCF0CAC21A8F3A7001C071D /* Cart.swift */,
				EBCF0CB021A919D4001C071D /* ProximityPromotion.swift */,
				EBCF0CAE21A91291001C071D /* Beacon+Shoppy.swift */,
				EB61877421A98DE50080BE8C /* BlurredButton.swift */,
				EB61877821A9AB4E0080BE8C /* CartCell.swift */,
				EBAACCA521A9C42400E22EDC /* CloseButton.swift */,
				EB0CA60321A8695E004DE83C /* Main.storyboard */,
				EB0CA60621A86960004DE83C /* Assets.xcassets */,
				EB0CA60821A86960004DE83C /* LaunchScreen.storyboard */,
				EB0CA60B21A86960004DE83C /* Info.plist */,
			);
			path = Shoppy;
			sourceTree = "<group>";
		};
/* End PBXGroup section */

/* Begin PBXNativeTarget section */
		EB0CA5FB21A8695E004DE83C /* Shoppy */ = {
			isa = PBXNativeTarget;
			buildConfigurationList = EB0CA60E21A86960004DE83C /* Build configuration list for PBXNativeTarget "Shoppy" */;
			buildPhases = (
				0D096D783AAF67EEF0951315 /* [CP] Check Pods Manifest.lock */,
				EB0CA5F821A8695E004DE83C /* Sources */,
				EB0CA5F921A8695E004DE83C /* Frameworks */,
				EB0CA5FA21A8695E004DE83C /* Resources */,
				7C916F130F185952A53E6AD9 /* [CP] Embed Pods Frameworks */,
			);
			buildRules = (
			);
			dependencies = (
			);
			name = Shoppy;
			productName = Shoppy;
			productReference = EB0CA5FC21A8695E004DE83C /* Shoppy.app */;
			productType = "com.apple.product-type.application";
		};
/* End PBXNativeTarget section */

/* Begin PBXProject section */
		EB0CA5F421A8695E004DE83C /* Project object */ = {
			isa = PBXProject;
			attributes = {
				LastSwiftUpdateCheck = 1010;
				LastUpgradeCheck = 1010;
				ORGANIZATIONNAME = "Jack Cook";
				TargetAttributes = {
					EB0CA5FB21A8695E004DE83C = {
						CreatedOnToolsVersion = 10.1;
					};
				};
			};
			buildConfigurationList = EB0CA5F721A8695E004DE83C /* Build configuration list for PBXProject "Shoppy" */;
			compatibilityVersion = "Xcode 9.3";
			developmentRegion = en;
			hasScannedForEncodings = 0;
			knownRegions = (
				en,
				Base,
			);
			mainGroup = EB0CA5F321A8695E004DE83C;
			productRefGroup = EB0CA5FD21A8695E004DE83C /* Products */;
			projectDirPath = "";
			projectRoot = "";
			targets = (
				EB0CA5FB21A8695E004DE83C /* Shoppy */,
			);
		};
/* End PBXProject section */

/* Begin PBXResourcesBuildPhase section */
		EB0CA5FA21A8695E004DE83C /* Resources */ = {
			isa = PBXResourcesBuildPhase;
			buildActionMask = 2147483647;
			files = (
				EB0CA60A21A86960004DE83C /* LaunchScreen.storyboard in Resources */,
				EB0CA60721A86960004DE83C /* Assets.xcassets in Resources */,
				EB0CA60521A8695E004DE83C /* Main.storyboard in Resources */,
			);
			runOnlyForDeploymentPostprocessing = 0;
		};
/* End PBXResourcesBuildPhase section */

/* Begin PBXShellScriptBuildPhase section */
		0D096D783AAF67EEF0951315 /* [CP] Check Pods Manifest.lock */ = {
			isa = PBXShellScriptBuildPhase;
			buildActionMask = 2147483647;
			files = (
			);
			inputFileListPaths = (
			);
			inputPaths = (
				"${PODS_PODFILE_DIR_PATH}/Podfile.lock",
				"${PODS_ROOT}/Manifest.lock",
			);
			name = "[CP] Check Pods Manifest.lock";
			outputFileListPaths = (
			);
			outputPaths = (
				"$(DERIVED_FILE_DIR)/Pods-Shoppy-checkManifestLockResult.txt",
			);
			runOnlyForDeploymentPostprocessing = 0;
			shellPath = /bin/sh;
			shellScript = "diff \"${PODS_PODFILE_DIR_PATH}/Podfile.lock\" \"${PODS_ROOT}/Manifest.lock\" > /dev/null\nif [ $? != 0 ] ; then\n    # print error to STDERR\n    echo \"error: The sandbox is not in sync with the Podfile.lock. Run 'pod install' or update your CocoaPods installation.\" >&2\n    exit 1\nfi\n# This output is used by Xcode 'outputs' to avoid re-running this script phase.\necho \"SUCCESS\" > \"${SCRIPT_OUTPUT_FILE_0}\"\n";
			showEnvVarsInLog = 0;
		};
		7C916F130F185952A53E6AD9 /* [CP] Embed Pods Frameworks */ = {
			isa = PBXShellScriptBuildPhase;
			buildActionMask = 2147483647;
			files = (
			);
			inputFileListPaths = (
			);
			inputPaths = (
				"${PODS_ROOT}/Target Support Files/Pods-Shoppy/Pods-Shoppy-frameworks.sh",
				"${BUILT_PRODUCTS_DIR}/EddystoneScanner/EddystoneScanner.framework",
				"${BUILT_PRODUCTS_DIR}/Kingfisher/Kingfisher.framework",
				"${BUILT_PRODUCTS_DIR}/SwiftyJSON/SwiftyJSON.framework",
			);
			name = "[CP] Embed Pods Frameworks";
			outputFileListPaths = (
			);
			outputPaths = (
				"${TARGET_BUILD_DIR}/${FRAMEWORKS_FOLDER_PATH}/EddystoneScanner.framework",
				"${TARGET_BUILD_DIR}/${FRAMEWORKS_FOLDER_PATH}/Kingfisher.framework",
				"${TARGET_BUILD_DIR}/${FRAMEWORKS_FOLDER_PATH}/SwiftyJSON.framework",
			);
			runOnlyForDeploymentPostprocessing = 0;
			shellPath = /bin/sh;
			shellScript = "\"${PODS_ROOT}/Target Support Files/Pods-Shoppy/Pods-Shoppy-frameworks.sh\"\n";
			showEnvVarsInLog = 0;
		};
/* End PBXShellScriptBuildPhase section */

/* Begin PBXSourcesBuildPhase section */
		EB0CA5F821A8695E004DE83C /* Sources */ = {
			isa = PBXSourcesBuildPhase;
			buildActionMask = 2147483647;
			files = (
				EBCF0CAF21A91291001C071D /* Beacon+Shoppy.swift in Sources */,
				EB61877921A9AB4E0080BE8C /* CartCell.swift in Sources */,
				EB0CA60221A8695E004DE83C /* ViewController.swift in Sources */,
				EB61877521A98DE50080BE8C /* BlurredButton.swift in Sources */,
				EBAACCA621A9C42400E22EDC /* CloseButton.swift in Sources */,
				EBCF0CB121A919D4001C071D /* ProximityPromotion.swift in Sources */,
				EBCF0CAB21A8EB31001C071D /* Product.swift in Sources */,
				EBCF0CAD21A8F3A7001C071D /* Cart.swift in Sources */,
				EBCF0CA721A8CFD0001C071D /* ProductView.swift in Sources */,
				EB61877721A98EA40080BE8C /* CartViewController.swift in Sources */,
				EB0CA60021A8695E004DE83C /* AppDelegate.swift in Sources */,
			);
			runOnlyForDeploymentPostprocessing = 0;
		};
/* End PBXSourcesBuildPhase section */

/* Begin PBXVariantGroup section */
		EB0CA60321A8695E004DE83C /* Main.storyboard */ = {
			isa = PBXVariantGroup;
			children = (
				EB0CA60421A8695E004DE83C /* Base */,
			);
			name = Main.storyboard;
			sourceTree = "<group>";
		};
		EB0CA60821A86960004DE83C /* LaunchScreen.storyboard */ = {
			isa = PBXVariantGroup;
			children = (
				EB0CA60921A86960004DE83C /* Base */,
			);
			name = LaunchScreen.storyboard;
			sourceTree = "<group>";
		};
/* End PBXVariantGroup section */

/* Begin XCBuildConfiguration section */
		EB0CA60C21A86960004DE83C /* Debug */ = {
			isa = XCBuildConfiguration;
			buildSettings = {
				ALWAYS_SEARCH_USER_PATHS = NO;
				CLANG_ANALYZER_NONNULL = YES;
				CLANG_ANALYZER_NUMBER_OBJECT_CONVERSION = YES_AGGRESSIVE;
				CLANG_CXX_LANGUAGE_STANDARD = "gnu++14";
				CLANG_CXX_LIBRARY = "libc++";
				CLANG_ENABLE_MODULES = YES;
				CLANG_ENABLE_OBJC_ARC = YES;
				CLANG_ENABLE_OBJC_WEAK = YES;
				CLANG_WARN_BLOCK_CAPTURE_AUTORELEASING = YES;
				CLANG_WARN_BOOL_CONVERSION = YES;
				CLANG_WARN_COMMA = YES;
				CLANG_WARN_CONSTANT_CONVERSION = YES;
				CLANG_WARN_DEPRECATED_OBJC_IMPLEMENTATIONS = YES;
				CLANG_WARN_DIRECT_OBJC_ISA_USAGE = YES_ERROR;
				CLANG_WARN_DOCUMENTATION_COMMENTS = YES;
				CLANG_WARN_EMPTY_BODY = YES;
				CLANG_WARN_ENUM_CONVERSION = YES;
				CLANG_WARN_INFINITE_RECURSION = YES;
				CLANG_WARN_INT_CONVERSION = YES;
				CLANG_WARN_NON_LITERAL_NULL_CONVERSION = YES;
				CLANG_WARN_OBJC_IMPLICIT_RETAIN_SELF = YES;
				CLANG_WARN_OBJC_LITERAL_CONVERSION = YES;
				CLANG_WARN_OBJC_ROOT_CLASS = YES_ERROR;
				CLANG_WARN_RANGE_LOOP_ANALYSIS = YES;
				CLANG_WARN_STRICT_PROTOTYPES = YES;
				CLANG_WARN_SUSPICIOUS_MOVE = YES;
				CLANG_WARN_UNGUARDED_AVAILABILITY = YES_AGGRESSIVE;
				CLANG_WARN_UNREACHABLE_CODE = YES;
				CLANG_WARN__DUPLICATE_METHOD_MATCH = YES;
				CODE_SIGN_IDENTITY = "iPhone Developer";
				COPY_PHASE_STRIP = NO;
				DEBUG_INFORMATION_FORMAT = dwarf;
				ENABLE_STRICT_OBJC_MSGSEND = YES;
				ENABLE_TESTABILITY = YES;
				GCC_C_LANGUAGE_STANDARD = gnu11;
				GCC_DYNAMIC_NO_PIC = NO;
				GCC_NO_COMMON_BLOCKS = YES;
				GCC_OPTIMIZATION_LEVEL = 0;
				GCC_PREPROCESSOR_DEFINITIONS = (
					"DEBUG=1",
					"$(inherited)",
				);
				GCC_WARN_64_TO_32_BIT_CONVERSION = YES;
				GCC_WARN_ABOUT_RETURN_TYPE = YES_ERROR;
				GCC_WARN_UNDECLARED_SELECTOR = YES;
				GCC_WARN_UNINITIALIZED_AUTOS = YES_AGGRESSIVE;
				GCC_WARN_UNUSED_FUNCTION = YES;
				GCC_WARN_UNUSED_VARIABLE = YES;
				IPHONEOS_DEPLOYMENT_TARGET = 12.1;
				MTL_ENABLE_DEBUG_INFO = INCLUDE_SOURCE;
				MTL_FAST_MATH = YES;
				ONLY_ACTIVE_ARCH = YES;
				SDKROOT = iphoneos;
				SWIFT_ACTIVE_COMPILATION_CONDITIONS = DEBUG;
				SWIFT_OPTIMIZATION_LEVEL = "-Onone";
			};
			name = Debug;
		};
		EB0CA60D21A86960004DE83C /* Release */ = {
			isa = XCBuildConfiguration;
			buildSettings = {
				ALWAYS_SEARCH_USER_PATHS = NO;
				CLANG_ANALYZER_NONNULL = YES;
				CLANG_ANALYZER_NUMBER_OBJECT_CONVERSION = YES_AGGRESSIVE;
				CLANG_CXX_LANGUAGE_STANDARD = "gnu++14";
				CLANG_CXX_LIBRARY = "libc++";
				CLANG_ENABLE_MODULES = YES;
				CLANG_ENABLE_OBJC_ARC = YES;
				CLANG_ENABLE_OBJC_WEAK = YES;
				CLANG_WARN_BLOCK_CAPTURE_AUTORELEASING = YES;
				CLANG_WARN_BOOL_CONVERSION = YES;
				CLANG_WARN_COMMA = YES;
				CLANG_WARN_CONSTANT_CONVERSION = YES;
				CLANG_WARN_DEPRECATED_OBJC_IMPLEMENTATIONS = YES;
				CLANG_WARN_DIRECT_OBJC_ISA_USAGE = YES_ERROR;
				CLANG_WARN_DOCUMENTATION_COMMENTS = YES;
				CLANG_WARN_EMPTY_BODY = YES;
				CLANG_WARN_ENUM_CONVERSION = YES;
				CLANG_WARN_INFINITE_RECURSION = YES;
				CLANG_WARN_INT_CONVERSION = YES;
				CLANG_WARN_NON_LITERAL_NULL_CONVERSION = YES;
				CLANG_WARN_OBJC_IMPLICIT_RETAIN_SELF = YES;
				CLANG_WARN_OBJC_LITERAL_CONVERSION = YES;
				CLANG_WARN_OBJC_ROOT_CLASS = YES_ERROR;
				CLANG_WARN_RANGE_LOOP_ANALYSIS = YES;
				CLANG_WARN_STRICT_PROTOTYPES = YES;
				CLANG_WARN_SUSPICIOUS_MOVE = YES;
				CLANG_WARN_UNGUARDED_AVAILABILITY = YES_AGGRESSIVE;
				CLANG_WARN_UNREACHABLE_CODE = YES;
				CLANG_WARN__DUPLICATE_METHOD_MATCH = YES;
				CODE_SIGN_IDENTITY = "iPhone Developer";
				COPY_PHASE_STRIP = NO;
				DEBUG_INFORMATION_FORMAT = "dwarf-with-dsym";
				ENABLE_NS_ASSERTIONS = NO;
				ENABLE_STRICT_OBJC_MSGSEND = YES;
				GCC_C_LANGUAGE_STANDARD = gnu11;
				GCC_NO_COMMON_BLOCKS = YES;
				GCC_WARN_64_TO_32_BIT_CONVERSION = YES;
				GCC_WARN_ABOUT_RETURN_TYPE = YES_ERROR;
				GCC_WARN_UNDECLARED_SELECTOR = YES;
				GCC_WARN_UNINITIALIZED_AUTOS = YES_AGGRESSIVE;
				GCC_WARN_UNUSED_FUNCTION = YES;
				GCC_WARN_UNUSED_VARIABLE = YES;
				IPHONEOS_DEPLOYMENT_TARGET = 12.1;
				MTL_ENABLE_DEBUG_INFO = NO;
				MTL_FAST_MATH = YES;
				SDKROOT = iphoneos;
				SWIFT_COMPILATION_MODE = wholemodule;
				SWIFT_OPTIMIZATION_LEVEL = "-O";
				VALIDATE_PRODUCT = YES;
			};
			name = Release;
		};
		EB0CA60F21A86960004DE83C /* Debug */ = {
			isa = XCBuildConfiguration;
			baseConfigurationReference = 474BC678A6ED0300C995C048 /* Pods-Shoppy.debug.xcconfig */;
			buildSettings = {
				ASSETCATALOG_COMPILER_APPICON_NAME = AppIcon;
				CODE_SIGN_IDENTITY = "iPhone Developer";
				CODE_SIGN_STYLE = Automatic;
				DEVELOPMENT_TEAM = 59PUM5CV3T;
				INFOPLIST_FILE = Shoppy/Info.plist;
				LD_RUNPATH_SEARCH_PATHS = (
					"$(inherited)",
					"@executable_path/Frameworks",
				);
				PRODUCT_BUNDLE_IDENTIFIER = io.jackcook.Shoppy;
				PRODUCT_NAME = "$(TARGET_NAME)";
				PROVISIONING_PROFILE_SPECIFIER = "";
				SWIFT_VERSION = 4.2;
				TARGETED_DEVICE_FAMILY = "1,2";
			};
			name = Debug;
		};
		EB0CA61021A86960004DE83C /* Release */ = {
			isa = XCBuildConfiguration;
			baseConfigurationReference = A63B553DF99C0ED8CB9CAEC7 /* Pods-Shoppy.release.xcconfig */;
			buildSettings = {
				ASSETCATALOG_COMPILER_APPICON_NAME = AppIcon;
				CODE_SIGN_IDENTITY = "iPhone Developer";
				CODE_SIGN_STYLE = Automatic;
				DEVELOPMENT_TEAM = 59PUM5CV3T;
				INFOPLIST_FILE = Shoppy/Info.plist;
				LD_RUNPATH_SEARCH_PATHS = (
					"$(inherited)",
					"@executable_path/Frameworks",
				);
				PRODUCT_BUNDLE_IDENTIFIER = io.jackcook.Shoppy;
				PRODUCT_NAME = "$(TARGET_NAME)";
				PROVISIONING_PROFILE_SPECIFIER = "";
				SWIFT_VERSION = 4.2;
				TARGETED_DEVICE_FAMILY = "1,2";
			};
			name = Release;
		};
/* End XCBuildConfiguration section */

/* Begin XCConfigurationList section */
		EB0CA5F721A8695E004DE83C /* Build configuration list for PBXProject "Shoppy" */ = {
			isa = XCConfigurationList;
			buildConfigurations = (
				EB0CA60C21A86960004DE83C /* Debug */,
				EB0CA60D21A86960004DE83C /* Release */,
			);
			defaultConfigurationIsVisible = 0;
			defaultConfigurationName = Release;
		};
		EB0CA60E21A86960004DE83C /* Build configuration list for PBXNativeTarget "Shoppy" */ = {
			isa = XCConfigurationList;
			buildConfigurations = (
				EB0CA60F21A86960004DE83C /* Debug */,
				EB0CA61021A86960004DE83C /* Release */,
			);
			defaultConfigurationIsVisible = 0;
			defaultConfigurationName = Release;
		};
/* End XCConfigurationList section */
	};
	rootObject = EB0CA5F421A8695E004DE83C /* Project object */;
}
